<?xml version="1.0" encoding="utf-8"?>
<Project ToolsVersion="4.0" xmlns="http://schemas.microsoft.com/developer/msbuild/2003">
  <ItemGroup>
    <Filter Include="Source Files">
      <UniqueIdentifier>{4FC737F1-C7A5-4376-A066-2A32D752A2FF}</UniqueIdentifier>
      <Extensions>cpp;c;cc;cxx;c++;cppm;ixx;def;odl;idl;hpj;bat;asm;asmx</Extensions>
    </Filter>
    <Filter Include="Header Files">
      <UniqueIdentifier>{93995380-89BD-4b04-88EB-625FBE52EBFB}</UniqueIdentifier>
      <Extensions>h;hh;hpp;hxx;h++;hm;inl;inc;ipp;xsd</Extensions>
    </Filter>
    <Filter Include="Resource Files">
      <UniqueIdentifier>{67DA6AB6-F800-4c08-8B7A-83BB121AAD01}</UniqueIdentifier>
      <Extensions>rc;ico;cur;bmp;dlg;rc2;rct;bin;rgs;gif;jpg;jpeg;jpe;resx;tiff;tif;png;wav;mfcribbon-ms</Extensions>
    </Filter>
    <Filter Include="Header Files\Game">
      <UniqueIdentifier>{d1965a82-af93-4506-81c9-30119a4ebce0}</UniqueIdentifier>
    </Filter>
    <Filter Include="Header Files\Utilities">
      <UniqueIdentifier>{30335fc1-1a30-4d05-bd70-8501b1792970}</UniqueIdentifier>
    </Filter>
    <Filter Include="Source Files\Game_Assets_Classes">
      <UniqueIdentifier>{417c4926-f547-49bf-b662-a0da44c8c3f6}</UniqueIdentifier>
    </Filter>
    <Filter Include="Header Files\Game_Assets_classes">
      <UniqueIdentifier>{ffdbdd24-1f18-42c5-80d1-1312a81bb568}</UniqueIdentifier>
    </Filter>
    <Filter Include="Source Files\Game">
      <UniqueIdentifier>{71707429-3722-4ed9-ac82-ad9d177bb69f}</UniqueIdentifier>
    </Filter>
    <Filter Include="Source Files\Utilities">
      <UniqueIdentifier>{b0fc756a-1949-481f-8da5-4010e595f760}</UniqueIdentifier>
    </Filter>
    <Filter Include="Source Files\Game\Asteroids">
      <UniqueIdentifier>{42cfdc5b-4541-4dd3-b0c4-8e12673860ac}</UniqueIdentifier>
    </Filter>
    <Filter Include="Source Files\Game\PowerUps">
      <UniqueIdentifier>{3be3f4f7-eac1-4123-8ddc-faa0bd9dfd9c}</UniqueIdentifier>
    </Filter>
    <Filter Include="Header Files\Game\PowerUps">
      <UniqueIdentifier>{b38da957-5a08-47b7-a1ae-77738b51f303}</UniqueIdentifier>
    </Filter>
    <Filter Include="Header Files\Game\Asteroids">
      <UniqueIdentifier>{139a37a5-4e00-45ff-b180-fecab107dd89}</UniqueIdentifier>
    </Filter>
  </ItemGroup>
  <ItemGroup>
    <ClCompile Include="Source.cpp">
      <Filter>Source Files</Filter>
    </ClCompile>
    <ClCompile Include="Asteroids.cpp">
      <Filter>Source Files\Game\Asteroids</Filter>
    </ClCompile>
    <ClCompile Include="AsteroidsHolder.cpp">
      <Filter>Source Files\Game\Asteroids</Filter>
    </ClCompile>
    <ClCompile Include="SmallAsteroid.cpp">
      <Filter>Source Files\Game\Asteroids</Filter>
    </ClCompile>
    <ClCompile Include="LargeAsteroid.cpp">
      <Filter>Source Files\Game\Asteroids</Filter>
    </ClCompile>
    <ClCompile Include="TextureAssests.cpp">
      <Filter>Source Files\Game_Assets_Classes</Filter>
    </ClCompile>
    <ClCompile Include="SoundEffects.cpp">
      <Filter>Source Files\Game_Assets_Classes</Filter>
    </ClCompile>
    <ClCompile Include="SpaceShip.cpp">
      <Filter>Source Files\Game</Filter>
    </ClCompile>
    <ClCompile Include="Saucer.cpp">
      <Filter>Source Files\Game</Filter>
    </ClCompile>
    <ClCompile Include="Game.cpp">
      <Filter>Source Files\Game</Filter>
    </ClCompile>
    <ClCompile Include="EnemySpaceShip.cpp">
      <Filter>Source Files\Game</Filter>
    </ClCompile>
    <ClCompile Include="CollisionManager.cpp">
      <Filter>Source Files\Game</Filter>
    </ClCompile>
    <ClCompile Include="Animation.cpp">
      <Filter>Source Files\Utilities</Filter>
    </ClCompile>
    <ClCompile Include="Utility.cpp">
      <Filter>Source Files\Utilities</Filter>
    </ClCompile>
    <ClCompile Include="HealthPowerUp.cpp">
      <Filter>Source Files\Game\PowerUps</Filter>
    </ClCompile>
    <ClCompile Include="NukePowerUp.cpp">
      <Filter>Source Files\Game\PowerUps</Filter>
    </ClCompile>
    <ClCompile Include="OneHitKillPowerUp.cpp">
      <Filter>Source Files\Game\PowerUps</Filter>
    </ClCompile>
    <ClCompile Include="PowerUps.cpp">
      <Filter>Source Files\Game\PowerUps</Filter>
    </ClCompile>
    <ClCompile Include="PowerUpsHolder.cpp">
      <Filter>Source Files\Game\PowerUps</Filter>
    </ClCompile>
    <ClCompile Include="ProtectionShieldPowerUp.cpp">
      <Filter>Source Files\Game\PowerUps</Filter>
    </ClCompile>
    <ClCompile Include="RadarPowerUp.cpp">
      <Filter>Source Files\Game\PowerUps</Filter>
    </ClCompile>
    <ClCompile Include="BackgroundDynamics.cpp">
      <Filter>Source Files\Game</Filter>
    </ClCompile>
    <ClCompile Include="Enemyships.cpp">
      <Filter>Source Files\Game</Filter>
    </ClCompile>
    <ClCompile Include="PlayerBullets.cpp">
      <Filter>Source Files\Game</Filter>
    </ClCompile>
    <ClCompile Include="EnemyShipsHolder.cpp">
      <Filter>Source Files\Game</Filter>
    </ClCompile>
  </ItemGroup>
  <ItemGroup>
    <ClInclude Include="Asteroids.h">
      <Filter>Header Files\Game\Asteroids</Filter>
    </ClInclude>
    <ClInclude Include="AsteroidsHolder.h">
      <Filter>Header Files\Game\Asteroids</Filter>
    </ClInclude>
    <ClInclude Include="LargeAsteroid.h">
      <Filter>Header Files\Game\Asteroids</Filter>
    </ClInclude>
    <ClInclude Include="SmallAsteroid.h">
      <Filter>Header Files\Game\Asteroids</Filter>
    </ClInclude>
    <ClInclude Include="TextureAssests.h">
      <Filter>Header Files\Game_Assets_classes</Filter>
    </ClInclude>
    <ClInclude Include="SoundEffects.h">
      <Filter>Header Files\Game_Assets_classes</Filter>
    </ClInclude>
    <ClInclude Include="EnemySpaceShip.h">
      <Filter>Header Files\Game</Filter>
    </ClInclude>
    <ClInclude Include="Bullets.h">
      <Filter>Header Files\Game</Filter>
    </ClInclude>
    <ClInclude Include="Game.h">
      <Filter>Header Files\Game</Filter>
    </ClInclude>
    <ClInclude Include="Saucer.h">
      <Filter>Header Files\Game</Filter>
    </ClInclude>
    <ClInclude Include="SpaceShip.h">
      <Filter>Header Files\Game</Filter>
    </ClInclude>
    <ClInclude Include="Animation.h">
      <Filter>Header Files\Utilities</Filter>
    </ClInclude>
    <ClInclude Include="Utility.h">
      <Filter>Header Files\Utilities</Filter>
    </ClInclude>
    <ClInclude Include="CollisionManager.h">
      <Filter>Header Files\Game</Filter>
    </ClInclude>
    <ClInclude Include="HealthPowerUp.h">
      <Filter>Header Files\Game\PowerUps</Filter>
    </ClInclude>
    <ClInclude Include="NukePowerUp.h">
      <Filter>Header Files\Game\PowerUps</Filter>
    </ClInclude>
    <ClInclude Include="OneHitKillPowerUp.h">
      <Filter>Header Files\Game\PowerUps</Filter>
    </ClInclude>
    <ClInclude Include="PowerUps.h">
      <Filter>Header Files\Game\PowerUps</Filter>
    </ClInclude>
    <ClInclude Include="PowerUpsHolder.h">
      <Filter>Header Files\Game\PowerUps</Filter>
    </ClInclude>
    <ClInclude Include="ProtectionShieldPowerUp.h">
      <Filter>Header Files\Game\PowerUps</Filter>
    </ClInclude>
    <ClInclude Include="RadarPowerUp.h">
      <Filter>Header Files\Game\PowerUps</Filter>
    </ClInclude>
    <ClInclude Include="BackgroundDynamics.h">
      <Filter>Header Files\Game</Filter>
    </ClInclude>
    <ClInclude Include="Enemyships.h">
      <Filter>Header Files\Game</Filter>
    </ClInclude>
    <ClInclude Include="EnemyShipsHolder.h">
      <Filter>Header Files\Game</Filter>
    </ClInclude>
  </ItemGroup>
</Project>